// !$*UTF8*$!
{
	archiveVersion = 1;
	classes = {
	};
	objectVersion = 56;
	objects = {

/* Begin PBXBuildFile section */
		51A93E172B399F390068D9E0 /* WebClipApp.swift in Sources */ = {isa = PBXBuildFile; fileRef = 51A93E162B399F390068D9E0 /* WebClipApp.swift */; };
		51A93E192B399F390068D9E0 /* ContentView.swift in Sources */ = {isa = PBXBuildFile; fileRef = 51A93E182B399F390068D9E0 /* ContentView.swift */; };
		51A93E1B2B399F3D0068D9E0 /* Assets.xcassets in Resources */ = {isa = PBXBuildFile; fileRef = 51A93E1A2B399F3D0068D9E0 /* Assets.xcassets */; };
		51A93E1E2B399F3D0068D9E0 /* Preview Assets.xcassets in Resources */ = {isa = PBXBuildFile; fileRef = 51A93E1D2B399F3D0068D9E0 /* Preview Assets.xcassets */; };
		51A93E282B399F3D0068D9E0 /* WebClipTests.swift in Sources */ = {isa = PBXBuildFile; fileRef = 51A93E272B399F3D0068D9E0 /* WebClipTests.swift */; };
		51A93E322B399F3E0068D9E0 /* WebClipUITests.swift in Sources */ = {isa = PBXBuildFile; fileRef = 51A93E312B399F3E0068D9E0 /* WebClipUITests.swift */; };
		51A93E342B399F3E0068D9E0 /* WebClipUITestsLaunchTests.swift in Sources */ = {isa = PBXBuildFile; fileRef = 51A93E332B399F3E0068D9E0 /* WebClipUITestsLaunchTests.swift */; };
		51A93E412B39AA640068D9E0 /* Launch Screen.storyboard in Resources */ = {isa = PBXBuildFile; fileRef = 51A93E402B39AA640068D9E0 /* Launch Screen.storyboard */; };
/* End PBXBuildFile section */

/* Begin PBXContainerItemProxy section */
		51A93E242B399F3D0068D9E0 /* PBXContainerItemProxy */ = {
			isa = PBXContainerItemProxy;
			containerPortal = 51A93E0B2B399F390068D9E0 /* Project object */;
			proxyType = 1;
			remoteGlobalIDString = 51A93E122B399F390068D9E0;
			remoteInfo = WebClip;
		};
		51A93E2E2B399F3E0068D9E0 /* PBXContainerItemProxy */ = {
			isa = PBXContainerItemProxy;
			containerPortal = 51A93E0B2B399F390068D9E0 /* Project object */;
			proxyType = 1;
			remoteGlobalIDString = 51A93E122B399F390068D9E0;
			remoteInfo = WebClip;
		};
/* End PBXContainerItemProxy section */

/* Begin PBXFileReference section */
		51A93E132B399F390068D9E0 /* WebClip.app */ = {isa = PBXFileReference; explicitFileType = wrapper.application; includeInIndex = 0; path = WebClip.app; sourceTree = BUILT_PRODUCTS_DIR; };
		51A93E162B399F390068D9E0 /* WebClipApp.swift */ = {isa = PBXFileReference; lastKnownFileType = sourcecode.swift; path = WebClipApp.swift; sourceTree = "<group>"; };
		51A93E182B399F390068D9E0 /* ContentView.swift */ = {isa = PBXFileReference; lastKnownFileType = sourcecode.swift; path = ContentView.swift; sourceTree = "<group>"; };
		51A93E1A2B399F3D0068D9E0 /* Assets.xcassets */ = {isa = PBXFileReference; lastKnownFileType = folder.assetcatalog; path = Assets.xcassets; sourceTree = "<group>"; };
		51A93E1D2B399F3D0068D9E0 /* Preview Assets.xcassets */ = {isa = PBXFileReference; lastKnownFileType = folder.assetcatalog; path = "Preview Assets.xcassets"; sourceTree = "<group>"; };
		51A93E232B399F3D0068D9E0 /* WebClipTests.xctest */ = {isa = PBXFileReference; explicitFileType = wrapper.cfbundle; includeInIndex = 0; path = WebClipTests.xctest; sourceTree = BUILT_PRODUCTS_DIR; };
		51A93E272B399F3D0068D9E0 /* WebClipTests.swift */ = {isa = PBXFileReference; lastKnownFileType = sourcecode.swift; path = WebClipTests.swift; sourceTree = "<group>"; };
		51A93E2D2B399F3E0068D9E0 /* WebClipUITests.xctest */ = {isa = PBXFileReference; explicitFileType = wrapper.cfbundle; includeInIndex = 0; path = WebClipUITests.xctest; sourceTree = BUILT_PRODUCTS_DIR; };
		51A93E312B399F3E0068D9E0 /* WebClipUITests.swift */ = {isa = PBXFileReference; lastKnownFileType = sourcecode.swift; path = WebClipUITests.swift; sourceTree = "<group>"; };
		51A93E332B399F3E0068D9E0 /* WebClipUITestsLaunchTests.swift */ = {isa = PBXFileReference; lastKnownFileType = sourcecode.swift; path = WebClipUITestsLaunchTests.swift; sourceTree = "<group>"; };
		51A93E402B39AA640068D9E0 /* Launch Screen.storyboard */ = {isa = PBXFileReference; fileEncoding = 4; lastKnownFileType = file.storyboard; path = "Launch Screen.storyboard"; sourceTree = "<group>"; };
/* End PBXFileReference section */

/* Begin PBXFrameworksBuildPhase section */
		51A93E102B399F390068D9E0 /* Frameworks */ = {
			isa = PBXFrameworksBuildPhase;
			buildActionMask = 2147483647;
			files = (
			);
			runOnlyForDeploymentPostprocessing = 0;
		};
		51A93E202B399F3D0068D9E0 /* Frameworks */ = {
			isa = PBXFrameworksBuildPhase;
			buildActionMask = 2147483647;
			files = (
			);
			runOnlyForDeploymentPostprocessing = 0;
		};
		51A93E2A2B399F3E0068D9E0 /* Frameworks */ = {
			isa = PBXFrameworksBuildPhase;
			buildActionMask = 2147483647;
			files = (
			);
			runOnlyForDeploymentPostprocessing = 0;
		};
/* End PBXFrameworksBuildPhase section */

/* Begin PBXGroup section */
		51A93E0A2B399F390068D9E0 = {
			isa = PBXGroup;
			children = (
				51A93E152B399F390068D9E0 /* WebClip */,
				51A93E262B399F3D0068D9E0 /* WebClipTests */,
				51A93E302B399F3E0068D9E0 /* WebClipUITests */,
				51A93E142B399F390068D9E0 /* Products */,
			);
			sourceTree = "<group>";
		};
		51A93E142B399F390068D9E0 /* Products */ = {
			isa = PBXGroup;
			children = (
				51A93E132B399F390068D9E0 /* WebClip.app */,
				51A93E232B399F3D0068D9E0 /* WebClipTests.xctest */,
				51A93E2D2B399F3E0068D9E0 /* WebClipUITests.xctest */,
			);
			name = Products;
			sourceTree = "<group>";
		};
		51A93E152B399F390068D9E0 /* WebClip */ = {
			isa = PBXGroup;
			children = (
				51A93E402B39AA640068D9E0 /* Launch Screen.storyboard */,
				51A93E162B399F390068D9E0 /* WebClipApp.swift */,
				51A93E182B399F390068D9E0 /* ContentView.swift */,
				51A93E1A2B399F3D0068D9E0 /* Assets.xcassets */,
				51A93E1C2B399F3D0068D9E0 /* Preview Content */,
			);
			path = WebClip;
			sourceTree = "<group>";
		};
		51A93E1C2B399F3D0068D9E0 /* Preview Content */ = {
			isa = PBXGroup;
			children = (
				51A93E1D2B399F3D0068D9E0 /* Preview Assets.xcassets */,
			);
			path = "Preview Content";
			sourceTree = "<group>";
		};
		51A93E262B399F3D0068D9E0 /* WebClipTests */ = {
			isa = PBXGroup;
			children = (
				51A93E272B399F3D0068D9E0 /* WebClipTests.swift */,
			);
			path = WebClipTests;
			sourceTree = "<group>";
		};
		51A93E302B399F3E0068D9E0 /* WebClipUITests */ = {
			isa = PBXGroup;
			children = (
				51A93E312B399F3E0068D9E0 /* WebClipUITests.swift */,
				51A93E332B399F3E0068D9E0 /* WebClipUITestsLaunchTests.swift */,
			);
			path = WebClipUITests;
			sourceTree = "<group>";
		};
/* End PBXGroup section */

/* Begin PBXNativeTarget section */
		51A93E122B399F390068D9E0 /* WebClip */ = {
			isa = PBXNativeTarget;
			buildConfigurationList = 51A93E372B399F3E0068D9E0 /* Build configuration list for PBXNativeTarget "WebClip" */;
			buildPhases = (
				51A93E0F2B399F390068D9E0 /* Sources */,
				51A93E102B399F390068D9E0 /* Frameworks */,
				51A93E112B399F390068D9E0 /* Resources */,
			);
			buildRules = (
			);
			dependencies = (
			);
			name = WebClip;
			productName = WebClip;
			productReference = 51A93E132B399F390068D9E0 /* WebClip.app */;
			productType = "com.apple.product-type.application";
		};
		51A93E222B399F3D0068D9E0 /* WebClipTests */ = {
			isa = PBXNativeTarget;
			buildConfigurationList = 51A93E3A2B399F3E0068D9E0 /* Build configuration list for PBXNativeTarget "WebClipTests" */;
			buildPhases = (
				51A93E1F2B399F3D0068D9E0 /* Sources */,
				51A93E202B399F3D0068D9E0 /* Frameworks */,
				51A93E212B399F3D0068D9E0 /* Resources */,
			);
			buildRules = (
			);
			dependencies = (
				51A93E252B399F3D0068D9E0 /* PBXTargetDependency */,
			);
			name = WebClipTests;
			productName = WebClipTests;
			productReference = 51A93E232B399F3D0068D9E0 /* WebClipTests.xctest */;
			productType = "com.apple.product-type.bundle.unit-test";
		};
		51A93E2C2B399F3E0068D9E0 /* WebClipUITests */ = {
			isa = PBXNativeTarget;
			buildConfigurationList = 51A93E3D2B399F3E0068D9E0 /* Build configuration list for PBXNativeTarget "WebClipUITests" */;
			buildPhases = (
				51A93E292B399F3E0068D9E0 /* Sources */,
				51A93E2A2B399F3E0068D9E0 /* Frameworks */,
				51A93E2B2B399F3E0068D9E0 /* Resources */,
			);
			buildRules = (
			);
			dependencies = (
				51A93E2F2B399F3E0068D9E0 /* PBXTargetDependency */,
			);
			name = WebClipUITests;
			productName = WebClipUITests;
			productReference = 51A93E2D2B399F3E0068D9E0 /* WebClipUITests.xctest */;
			productType = "com.apple.product-type.bundle.ui-testing";
		};
/* End PBXNativeTarget section */

/* Begin PBXProject section */
		51A93E0B2B399F390068D9E0 /* Project object */ = {
			isa = PBXProject;
			attributes = {
				BuildIndependentTargetsInParallel = 1;
				LastSwiftUpdateCheck = 1510;
				LastUpgradeCheck = 1510;
				TargetAttributes = {
					51A93E122B399F390068D9E0 = {
						CreatedOnToolsVersion = 15.1;
					};
					51A93E222B399F3D0068D9E0 = {
						CreatedOnToolsVersion = 15.1;
						TestTargetID = 51A93E122B399F390068D9E0;
					};
					51A93E2C2B399F3E0068D9E0 = {
						CreatedOnToolsVersion = 15.1;
						TestTargetID = 51A93E122B399F390068D9E0;
					};
				};
			};
			buildConfigurationList = 51A93E0E2B399F390068D9E0 /* Build configuration list for PBXProject "WebClip" */;
			compatibilityVersion = "Xcode 14.0";
			developmentRegion = en;
			hasScannedForEncodings = 0;
			knownRegions = (
				en,
				Base,
			);
			mainGroup = 51A93E0A2B399F390068D9E0;
			productRefGroup = 51A93E142B399F390068D9E0 /* Products */;
			projectDirPath = "";
			projectRoot = "";
			targets = (
				51A93E122B399F390068D9E0 /* WebClip */,
				51A93E222B399F3D0068D9E0 /* WebClipTests */,
				51A93E2C2B399F3E0068D9E0 /* WebClipUITests */,
			);
		};
/* End PBXProject section */

/* Begin PBXResourcesBuildPhase section */
		51A93E112B399F390068D9E0 /* Resources */ = {
			isa = PBXResourcesBuildPhase;
			buildActionMask = 2147483647;
			files = (
				51A93E412B39AA640068D9E0 /* Launch Screen.storyboard in Resources */,
				51A93E1E2B399F3D0068D9E0 /* Preview Assets.xcassets in Resources */,
				51A93E1B2B399F3D0068D9E0 /* Assets.xcassets in Resources */,
			);
			runOnlyForDeploymentPostprocessing = 0;
		};
		51A93E212B399F3D0068D9E0 /* Resources */ = {
			isa = PBXResourcesBuildPhase;
			buildActionMask = 2147483647;
			files = (
			);
			runOnlyForDeploymentPostprocessing = 0;
		};
		51A93E2B2B399F3E0068D9E0 /* Resources */ = {
			isa = PBXResourcesBuildPhase;
			buildActionMask = 2147483647;
			files = (
			);
			runOnlyForDeploymentPostprocessing = 0;
		};
/* End PBXResourcesBuildPhase section */

/* Begin PBXSourcesBuildPhase section */
		51A93E0F2B399F390068D9E0 /* Sources */ = {
			isa = PBXSourcesBuildPhase;
			buildActionMask = 2147483647;
			files = (
				51A93E192B399F390068D9E0 /* ContentView.swift in Sources */,
				51A93E172B399F390068D9E0 /* WebClipApp.swift in Sources */,
			);
			runOnlyForDeploymentPostprocessing = 0;
		};
		51A93E1F2B399F3D0068D9E0 /* Sources */ = {
			isa = PBXSourcesBuildPhase;
			buildActionMask = 2147483647;
			files = (
				51A93E282B399F3D0068D9E0 /* WebClipTests.swift in Sources */,
			);
			runOnlyForDeploymentPostprocessing = 0;
		};
		51A93E292B399F3E0068D9E0 /* Sources */ = {
			isa = PBXSourcesBuildPhase;
			buildActionMask = 2147483647;
			files = (
				51A93E322B399F3E0068D9E0 /* WebClipUITests.swift in Sources */,
				51A93E342B399F3E0068D9E0 /* WebClipUITestsLaunchTests.swift in Sources */,
			);
			runOnlyForDeploymentPostprocessing = 0;
		};
/* End PBXSourcesBuildPhase section */

/* Begin PBXTargetDependency section */
		51A93E252B399F3D0068D9E0 /* PBXTargetDependency */ = {
			isa = PBXTargetDependency;
			target = 51A93E122B399F390068D9E0 /* WebClip */;
			targetProxy = 51A93E242B399F3D0068D9E0 /* PBXContainerItemProxy */;
		};
		51A93E2F2B399F3E0068D9E0 /* PBXTargetDependency */ = {
			isa = PBXTargetDependency;
			target = 51A93E122B399F390068D9E0 /* WebClip */;
			targetProxy = 51A93E2E2B399F3E0068D9E0 /* PBXContainerItemProxy */;
		};
/* End PBXTargetDependency section */

/* Begin XCBuildConfiguration section */
		51A93E352B399F3E0068D9E0 /* Debug */ = {
			isa = XCBuildConfiguration;
			buildSettings = {
				ALWAYS_SEARCH_USER_PATHS = NO;
				ASSETCATALOG_COMPILER_GENERATE_SWIFT_ASSET_SYMBOL_EXTENSIONS = YES;
				CLANG_ANALYZER_NONNULL = YES;
				CLANG_ANALYZER_NUMBER_OBJECT_CONVERSION = YES_AGGRESSIVE;
				CLANG_CXX_LANGUAGE_STANDARD = "gnu++20";
				CLANG_ENABLE_MODULES = YES;
				CLANG_ENABLE_OBJC_ARC = YES;
				CLANG_ENABLE_OBJC_WEAK = YES;
				CLANG_WARN_BLOCK_CAPTURE_AUTORELEASING = YES;
				CLANG_WARN_BOOL_CONVERSION = YES;
				CLANG_WARN_COMMA = YES;
				CLANG_WARN_CONSTANT_CONVERSION = YES;
				CLANG_WARN_DEPRECATED_OBJC_IMPLEMENTATIONS = YES;
				CLANG_WARN_DIRECT_OBJC_ISA_USAGE = YES_ERROR;
				CLANG_WARN_DOCUMENTATION_COMMENTS = YES;
				CLANG_WARN_EMPTY_BODY = YES;
				CLANG_WARN_ENUM_CONVERSION = YES;
				CLANG_WARN_INFINITE_RECURSION = YES;
				CLANG_WARN_INT_CONVERSION = YES;
				CLANG_WARN_NON_LITERAL_NULL_CONVERSION = YES;
				CLANG_WARN_OBJC_IMPLICIT_RETAIN_SELF = YES;
				CLANG_WARN_OBJC_LITERAL_CONVERSION = YES;
				CLANG_WARN_OBJC_ROOT_CLASS = YES_ERROR;
				CLANG_WARN_QUOTED_INCLUDE_IN_FRAMEWORK_HEADER = YES;
				CLANG_WARN_RANGE_LOOP_ANALYSIS = YES;
				CLANG_WARN_STRICT_PROTOTYPES = YES;
				CLANG_WARN_SUSPICIOUS_MOVE = YES;
				CLANG_WARN_UNGUARDED_AVAILABILITY = YES_AGGRESSIVE;
				CLANG_WARN_UNREACHABLE_CODE = YES;
				CLANG_WARN__DUPLICATE_METHOD_MATCH = YES;
				COPY_PHASE_STRIP = NO;
				DEBUG_INFORMATION_FORMAT = dwarf;
				ENABLE_STRICT_OBJC_MSGSEND = YES;
				ENABLE_TESTABILITY = YES;
				ENABLE_USER_SCRIPT_SANDBOXING = YES;
				GCC_C_LANGUAGE_STANDARD = gnu17;
				GCC_DYNAMIC_NO_PIC = NO;
				GCC_NO_COMMON_BLOCKS = YES;
				GCC_OPTIMIZATION_LEVEL = 0;
				GCC_PREPROCESSOR_DEFINITIONS = (
					"DEBUG=1",
					"$(inherited)",
				);
				GCC_WARN_64_TO_32_BIT_CONVERSION = YES;
				GCC_WARN_ABOUT_RETURN_TYPE = YES_ERROR;
				GCC_WARN_UNDECLARED_SELECTOR = YES;
				GCC_WARN_UNINITIALIZED_AUTOS = YES_AGGRESSIVE;
				GCC_WARN_UNUSED_FUNCTION = YES;
				GCC_WARN_UNUSED_VARIABLE = YES;
				IPHONEOS_DEPLOYMENT_TARGET = 14.0;
				LOCALIZATION_PREFERS_STRING_CATALOGS = YES;
				MTL_ENABLE_DEBUG_INFO = INCLUDE_SOURCE;
				MTL_FAST_MATH = YES;
				ONLY_ACTIVE_ARCH = YES;
				SDKROOT = iphoneos;
				SWIFT_ACTIVE_COMPILATION_CONDITIONS = "DEBUG $(inherited)";
				SWIFT_OPTIMIZATION_LEVEL = "-Onone";
			};
			name = Debug;
		};
		51A93E362B399F3E0068D9E0 /* Release */ = {
			isa = XCBuildConfiguration;
			buildSettings = {
				ALWAYS_SEARCH_USER_PATHS = NO;
				ASSETCATALOG_COMPILER_GENERATE_SWIFT_ASSET_SYMBOL_EXTENSIONS = YES;
				CLANG_ANALYZER_NONNULL = YES;
				CLANG_ANALYZER_NUMBER_OBJECT_CONVERSION = YES_AGGRESSIVE;
				CLANG_CXX_LANGUAGE_STANDARD = "gnu++20";
				CLANG_ENABLE_MODULES = YES;
				CLANG_ENABLE_OBJC_ARC = YES;
				CLANG_ENABLE_OBJC_WEAK = YES;
				CLANG_WARN_BLOCK_CAPTURE_AUTORELEASING = YES;
				CLANG_WARN_BOOL_CONVERSION = YES;
				CLANG_WARN_COMMA = YES;
				CLANG_WARN_CONSTANT_CONVERSION = YES;
				CLANG_WARN_DEPRECATED_OBJC_IMPLEMENTATIONS = YES;
				CLANG_WARN_DIRECT_OBJC_ISA_USAGE = YES_ERROR;
				CLANG_WARN_DOCUMENTATION_COMMENTS = YES;
				CLANG_WARN_EMPTY_BODY = YES;
				CLANG_WARN_ENUM_CONVERSION = YES;
				CLANG_WARN_INFINITE_RECURSION = YES;
				CLANG_WARN_INT_CONVERSION = YES;
				CLANG_WARN_NON_LITERAL_NULL_CONVERSION = YES;
				CLANG_WARN_OBJC_IMPLICIT_RETAIN_SELF = YES;
				CLANG_WARN_OBJC_LITERAL_CONVERSION = YES;
				CLANG_WARN_OBJC_ROOT_CLASS = YES_ERROR;
				CLANG_WARN_QUOTED_INCLUDE_IN_FRAMEWORK_HEADER = YES;
				CLANG_WARN_RANGE_LOOP_ANALYSIS = YES;
				CLANG_WARN_STRICT_PROTOTYPES = YES;
				CLANG_WARN_SUSPICIOUS_MOVE = YES;
				CLANG_WARN_UNGUARDED_AVAILABILITY = YES_AGGRESSIVE;
				CLANG_WARN_UNREACHABLE_CODE = YES;
				CLANG_WARN__DUPLICATE_METHOD_MATCH = YES;
				COPY_PHASE_STRIP = NO;
				DEBUG_INFORMATION_FORMAT = "dwarf-with-dsym";
				ENABLE_NS_ASSERTIONS = NO;
				ENABLE_STRICT_OBJC_MSGSEND = YES;
				ENABLE_USER_SCRIPT_SANDBOXING = YES;
				GCC_C_LANGUAGE_STANDARD = gnu17;
				GCC_NO_COMMON_BLOCKS = YES;
				GCC_WARN_64_TO_32_BIT_CONVERSION = YES;
				GCC_WARN_ABOUT_RETURN_TYPE = YES_ERROR;
				GCC_WARN_UNDECLARED_SELECTOR = YES;
				GCC_WARN_UNINITIALIZED_AUTOS = YES_AGGRESSIVE;
				GCC_WARN_UNUSED_FUNCTION = YES;
				GCC_WARN_UNUSED_VARIABLE = YES;
				IPHONEOS_DEPLOYMENT_TARGET = 14.0;
				LOCALIZATION_PREFERS_STRING_CATALOGS = YES;
				MTL_ENABLE_DEBUG_INFO = NO;
				MTL_FAST_MATH = YES;
				SDKROOT = iphoneos;
				SWIFT_COMPILATION_MODE = wholemodule;
				VALIDATE_PRODUCT = YES;
			};
			name = Release;
		};
		51A93E382B399F3E0068D9E0 /* Debug */ = {
			isa = XCBuildConfiguration;
			buildSettings = {
				ASSETCATALOG_COMPILER_APPICON_NAME = AppIcon;
				ASSETCATALOG_COMPILER_GLOBAL_ACCENT_COLOR_NAME = AccentColor;
				CODE_SIGN_STYLE = Automatic;
				CURRENT_PROJECT_VERSION = 1;
				DEVELOPMENT_ASSET_PATHS = "\"WebClip/Preview Content\"";
				DEVELOPMENT_TEAM = 7JNN7CHLHX;
				ENABLE_PREVIEWS = YES;
				GENERATE_INFOPLIST_FILE = YES;
				INFOPLIST_KEY_CFBundleDisplayName = HenTaiVN;
				INFOPLIST_KEY_UIApplicationSceneManifest_Generation = YES;
				INFOPLIST_KEY_UIApplicationSupportsIndirectInputEvents = YES;
				INFOPLIST_KEY_UILaunchScreen_Generation = YES;
				INFOPLIST_KEY_UILaunchStoryboardName = "Launch Screen.storyboard";
				INFOPLIST_KEY_UISupportedInterfaceOrientations_iPad = "UIInterfaceOrientationPortrait UIInterfaceOrientationPortraitUpsideDown UIInterfaceOrientationLandscapeLeft UIInterfaceOrientationLandscapeRight";
				INFOPLIST_KEY_UISupportedInterfaceOrientations_iPhone = "UIInterfaceOrientationPortrait UIInterfaceOrientationLandscapeLeft UIInterfaceOrientationLandscapeRight";
				IPHONEOS_DEPLOYMENT_TARGET = 14.0;
				LD_RUNPATH_SEARCH_PATHS = (
					"$(inherited)",
					"@executable_path/Frameworks",
				);
				MARKETING_VERSION = 1.0;
				PRODUCT_BUNDLE_IDENTIFIER = com.hhnios.HenTaiVN;
				PRODUCT_NAME = "$(TARGET_NAME)";
				SWIFT_EMIT_LOC_STRINGS = YES;
				SWIFT_VERSION = 5.0;
				TARGETED_DEVICE_FAMILY = "1,2";
			};
			name = Debug;
		};
		51A93E392B399F3E0068D9E0 /* Release */ = {
			isa = XCBuildConfiguration;
			buildSettings = {
				ASSETCATALOG_COMPILER_APPICON_NAME = AppIcon;
				ASSETCATALOG_COMPILER_GLOBAL_ACCENT_COLOR_NAME = AccentColor;
				CODE_SIGN_STYLE = Automatic;
				CURRENT_PROJECT_VERSION = 1;
				DEVELOPMENT_ASSET_PATHS = "\"WebClip/Preview Content\"";
				DEVELOPMENT_TEAM = 7JNN7CHLHX;
				ENABLE_PREVIEWS = YES;
				GENERATE_INFOPLIST_FILE = YES;
				INFOPLIST_KEY_CFBundleDisplayName = HenTaiVN;
				INFOPLIST_KEY_UIApplicationSceneManifest_Generation = YES;
				INFOPLIST_KEY_UIApplicationSupportsIndirectInputEvents = YES;
				INFOPLIST_KEY_UILaunchScreen_Generation = YES;
				INFOPLIST_KEY_UILaunchStoryboardName = "Launch Screen.storyboard";
				INFOPLIST_KEY_UISupportedInterfaceOrientations_iPad = "UIInterfaceOrientationPortrait UIInterfaceOrientationPortraitUpsideDown UIInterfaceOrientationLandscapeLeft UIInterfaceOrientationLandscapeRight";
				INFOPLIST_KEY_UISupportedInterfaceOrientations_iPhone = "UIInterfaceOrientationPortrait UIInterfaceOrientationLandscapeLeft UIInterfaceOrientationLandscapeRight";
				IPHONEOS_DEPLOYMENT_TARGET = 14.0;
				LD_RUNPATH_SEARCH_PATHS = (
					"$(inherited)",
					"@executable_path/Frameworks",
				);
				MARKETING_VERSION = 1.0;
				PRODUCT_BUNDLE_IDENTIFIER = com.hhnios.HenTaiVN;
				PRODUCT_NAME = "$(TARGET_NAME)";
				SWIFT_EMIT_LOC_STRINGS = YES;
				SWIFT_VERSION = 5.0;
				TARGETED_DEVICE_FAMILY = "1,2";
			};
			name = Release;
		};
		51A93E3B2B399F3E0068D9E0 /* Debug */ = {
			isa = XCBuildConfiguration;
			buildSettings = {
				ALWAYS_EMBED_SWIFT_STANDARD_LIBRARIES = YES;
				BUNDLE_LOADER = "$(TEST_HOST)";
				CODE_SIGN_STYLE = Automatic;
				CURRENT_PROJECT_VERSION = 1;
				DEVELOPMENT_TEAM = 7JNN7CHLHX;
				GENERATE_INFOPLIST_FILE = YES;
				IPHONEOS_DEPLOYMENT_TARGET = 17.2;
				MARKETING_VERSION = 1.0;
				PRODUCT_BUNDLE_IDENTIFIER = com.hhnios.WebClipTests;
				PRODUCT_NAME = "$(TARGET_NAME)";
				SWIFT_EMIT_LOC_STRINGS = NO;
				SWIFT_VERSION = 5.0;
				TARGETED_DEVICE_FAMILY = "1,2";
				TEST_HOST = "$(BUILT_PRODUCTS_DIR)/WebClip.app/$(BUNDLE_EXECUTABLE_FOLDER_PATH)/WebClip";
			};
			name = Debug;
		};
		51A93E3C2B399F3E0068D9E0 /* Release */ = {
			isa = XCBuildConfiguration;
			buildSettings = {
				ALWAYS_EMBED_SWIFT_STANDARD_LIBRARIES = YES;
				BUNDLE_LOADER = "$(TEST_HOST)";
				CODE_SIGN_STYLE = Automatic;
				CURRENT_PROJECT_VERSION = 1;
				DEVELOPMENT_TEAM = 7JNN7CHLHX;
				GENERATE_INFOPLIST_FILE = YES;
				IPHONEOS_DEPLOYMENT_TARGET = 17.2;
				MARKETING_VERSION = 1.0;
				PRODUCT_BUNDLE_IDENTIFIER = com.hhnios.WebClipTests;
				PRODUCT_NAME = "$(TARGET_NAME)";
				SWIFT_EMIT_LOC_STRINGS = NO;
				SWIFT_VERSION = 5.0;
				TARGETED_DEVICE_FAMILY = "1,2";
				TEST_HOST = "$(BUILT_PRODUCTS_DIR)/WebClip.app/$(BUNDLE_EXECUTABLE_FOLDER_PATH)/WebClip";
			};
			name = Release;
		};
		51A93E3E2B399F3E0068D9E0 /* Debug */ = {
			isa = XCBuildConfiguration;
			buildSettings = {
				ALWAYS_EMBED_SWIFT_STANDARD_LIBRARIES = YES;
				CODE_SIGN_STYLE = Automatic;
				CURRENT_PROJECT_VERSION = 1;
				DEVELOPMENT_TEAM = 7JNN7CHLHX;
				GENERATE_INFOPLIST_FILE = YES;
				MARKETING_VERSION = 1.0;
				PRODUCT_BUNDLE_IDENTIFIER = com.hhnios.WebClipUITests;
				PRODUCT_NAME = "$(TARGET_NAME)";
				SWIFT_EMIT_LOC_STRINGS = NO;
				SWIFT_VERSION = 5.0;
				TARGETED_DEVICE_FAMILY = "1,2";
				TEST_TARGET_NAME = WebClip;
			};
			name = Debug;
		};
		51A93E3F2B399F3E0068D9E0 /* Release */ = {
			isa = XCBuildConfiguration;
			buildSettings = {
				ALWAYS_EMBED_SWIFT_STANDARD_LIBRARIES = YES;
				CODE_SIGN_STYLE = Automatic;
				CURRENT_PROJECT_VERSION = 1;
				DEVELOPMENT_TEAM = 7JNN7CHLHX;
				GENERATE_INFOPLIST_FILE = YES;
				MARKETING_VERSION = 1.0;
				PRODUCT_BUNDLE_IDENTIFIER = com.hhnios.WebClipUITests;
				PRODUCT_NAME = "$(TARGET_NAME)";
				SWIFT_EMIT_LOC_STRINGS = NO;
				SWIFT_VERSION = 5.0;
				TARGETED_DEVICE_FAMILY = "1,2";
				TEST_TARGET_NAME = WebClip;
			};
			name = Release;
		};
/* End XCBuildConfiguration section */

/* Begin XCConfigurationList section */
		51A93E0E2B399F390068D9E0 /* Build configuration list for PBXProject "WebClip" */ = {
			isa = XCConfigurationList;
			buildConfigurations = (
				51A93E352B399F3E0068D9E0 /* Debug */,
				51A93E362B399F3E0068D9E0 /* Release */,
			);
			defaultConfigurationIsVisible = 0;
			defaultConfigurationName = Release;
		};
		51A93E372B399F3E0068D9E0 /* Build configuration list for PBXNativeTarget "WebClip" */ = {
			isa = XCConfigurationList;
			buildConfigurations = (
				51A93E382B399F3E0068D9E0 /* Debug */,
				51A93E392B399F3E0068D9E0 /* Release */,
			);
			defaultConfigurationIsVisible = 0;
			defaultConfigurationName = Release;
		};
		51A93E3A2B399F3E0068D9E0 /* Build configuration list for PBXNativeTarget "WebClipTests" */ = {
			isa = XCConfigurationList;
			buildConfigurations = (
				51A93E3B2B399F3E0068D9E0 /* Debug */,
				51A93E3C2B399F3E0068D9E0 /* Release */,
			);
			defaultConfigurationIsVisible = 0;
			defaultConfigurationName = Release;
		};
		51A93E3D2B399F3E0068D9E0 /* Build configuration list for PBXNativeTarget "WebClipUITests" */ = {
			isa = XCConfigurationList;
			buildConfigurations = (
				51A93E3E2B399F3E0068D9E0 /* Debug */,
				51A93E3F2B399F3E0068D9E0 /* Release */,
			);
			defaultConfigurationIsVisible = 0;
			defaultConfigurationName = Release;
		};
/* End XCConfigurationList section */
	};
	rootObject = 51A93E0B2B399F390068D9E0 /* Project object */;
}
